
Microsoft Visual Studio Solution File, Format Version 12.00
# Visual Studio 15
VisualStudioVersion = 15.0.28307.572
MinimumVisualStudioVersion = 10.0.40219.1
Project("{8BC9CEB8-8B4A-11D0-8D11-00A0C91BC942}") = "DS_2", "DS_2\DS_2.vcxproj", "{0F2211F7-7A65-4445-8BAF-E28E0A01F456}"
EndProject
Global
	GlobalSection(SolutionConfigurationPlatforms) = preSolution
		Debug|x64 = Debug|x64
		Debug|x86 = Debug|x86
		Release|x64 = Release|x64
		Release|x86 = Release|x86
	EndGlobalSection
	GlobalSection(ProjectConfigurationPlatforms) = postSolution
		{0F2211F7-7A65-4445-8BAF-E28E0A01F456}.Debug|x64.ActiveCfg = Debug|x64
		{0F2211F7-7A65-4445-8BAF-E28E0A01F456}.Debug|x64.Build.0 = Debug|x64
		{0F2211F7-7A65-4445-8BAF-E28E0A01F456}.Debug|x86.ActiveCfg = Debug|Win32
		{0F2211F7-7A65-4445-8BAF-E28E0A01F456}.Debug|x86.Build.0 = Debug|Win32
		{0F2211F7-7A65-4445-8BAF-E28E0A01F456}.Release|x64.ActiveCfg = Release|x64
		{0F2211F7-7A65-4445-8BAF-E28E0A01F456}.Release|x64.Build.0 = Release|x64
		{0F2211F7-7A65-4445-8BAF-E28E0A01F456}.Release|x86.ActiveCfg = Release|Win32
		{0F2211F7-7A65-4445-8BAF-E28E0A01F456}.Release|x86.Build.0 = Release|Win32
	EndGlobalSection
	GlobalSection(SolutionProperties) = preSolution
		HideSolutionNode = FALSE
	EndGlobalSection
	GlobalSection(ExtensibilityGlobals) = postSolution
		SolutionGuid = {C7F25C12-C4E1-4A50-AFDC-7D676F6C68EA}
	EndGlobalSection
EndGlobal
